// !$*UTF8*$!
{
	archiveVersion = 1;
	classes = {
	};
	objectVersion = 50;
	objects = {

/* Begin PBXBuildFile section */
		5F34D5A322B1DE210000EB82 /* AppDelegate.swift in Sources */ = {isa = PBXBuildFile; fileRef = 5F34D5A222B1DE210000EB82 /* AppDelegate.swift */; };
		5F34D5A522B1DE240000EB82 /* Assets.xcassets in Resources */ = {isa = PBXBuildFile; fileRef = 5F34D5A422B1DE240000EB82 /* Assets.xcassets */; };
		5F34D5A822B1DE240000EB82 /* Main.storyboard in Resources */ = {isa = PBXBuildFile; fileRef = 5F34D5A622B1DE240000EB82 /* Main.storyboard */; };
		5F34D5B422B1DE240000EB82 /* CloneToolXTests.swift in Sources */ = {isa = PBXBuildFile; fileRef = 5F34D5B322B1DE240000EB82 /* CloneToolXTests.swift */; };
		5F34D5BF22B1DE240000EB82 /* CloneToolXUITests.swift in Sources */ = {isa = PBXBuildFile; fileRef = 5F34D5BE22B1DE240000EB82 /* CloneToolXUITests.swift */; };
		5F34D5CD22B1E2A50000EB82 /* ViewController.swift in Sources */ = {isa = PBXBuildFile; fileRef = 5F34D5CC22B1E2A50000EB82 /* ViewController.swift */; };
		5F76038022C8F9AE00CFA7AA /* Global.swift in Sources */ = {isa = PBXBuildFile; fileRef = 5F76037F22C8F9AE00CFA7AA /* Global.swift */; };
		5F76038222C937A200CFA7AA /* RunCommand.swift in Sources */ = {isa = PBXBuildFile; fileRef = 5F76038122C937A200CFA7AA /* RunCommand.swift */; };
		5F76038422C96A8000CFA7AA /* DiskToDiskController.swift in Sources */ = {isa = PBXBuildFile; fileRef = 5F76038322C96A8000CFA7AA /* DiskToDiskController.swift */; };
		5F76038622C96B0000CFA7AA /* SaveForLater.swift in Sources */ = {isa = PBXBuildFile; fileRef = 5F76038522C96B0000CFA7AA /* SaveForLater.swift */; };
		5FAB8CD622D2C11A003EEA1B /* DiskInfo.swift in Sources */ = {isa = PBXBuildFile; fileRef = 5FAB8CD522D2C11A003EEA1B /* DiskInfo.swift */; };
		5FD1BB6E22C6DD4200790013 /* DIskToImageController.swift in Sources */ = {isa = PBXBuildFile; fileRef = 5FD1BB6D22C6DD4200790013 /* DIskToImageController.swift */; };
/* End PBXBuildFile section */

/* Begin PBXContainerItemProxy section */
		5F34D5B022B1DE240000EB82 /* PBXContainerItemProxy */ = {
			isa = PBXContainerItemProxy;
			containerPortal = 5F34D59722B1DE200000EB82 /* Project object */;
			proxyType = 1;
			remoteGlobalIDString = 5F34D59E22B1DE200000EB82;
			remoteInfo = CloneToolX;
		};
		5F34D5BB22B1DE240000EB82 /* PBXContainerItemProxy */ = {
			isa = PBXContainerItemProxy;
			containerPortal = 5F34D59722B1DE200000EB82 /* Project object */;
			proxyType = 1;
			remoteGlobalIDString = 5F34D59E22B1DE200000EB82;
			remoteInfo = CloneToolX;
		};
/* End PBXContainerItemProxy section */

/* Begin PBXFileReference section */
		5F34D59F22B1DE210000EB82 /* CloneToolX.app */ = {isa = PBXFileReference; explicitFileType = wrapper.application; includeInIndex = 0; path = CloneToolX.app; sourceTree = BUILT_PRODUCTS_DIR; };
		5F34D5A222B1DE210000EB82 /* AppDelegate.swift */ = {isa = PBXFileReference; lastKnownFileType = sourcecode.swift; path = AppDelegate.swift; sourceTree = "<group>"; };
		5F34D5A422B1DE240000EB82 /* Assets.xcassets */ = {isa = PBXFileReference; lastKnownFileType = folder.assetcatalog; path = Assets.xcassets; sourceTree = "<group>"; };
		5F34D5A722B1DE240000EB82 /* Base */ = {isa = PBXFileReference; lastKnownFileType = file.storyboard; name = Base; path = Base.lproj/Main.storyboard; sourceTree = "<group>"; };
		5F34D5A922B1DE240000EB82 /* Info.plist */ = {isa = PBXFileReference; lastKnownFileType = text.plist.xml; path = Info.plist; sourceTree = "<group>"; };
		5F34D5AA22B1DE240000EB82 /* CloneToolX.entitlements */ = {isa = PBXFileReference; lastKnownFileType = text.plist.entitlements; path = CloneToolX.entitlements; sourceTree = "<group>"; };
		5F34D5AF22B1DE240000EB82 /* CloneToolXTests.xctest */ = {isa = PBXFileReference; explicitFileType = wrapper.cfbundle; includeInIndex = 0; path = CloneToolXTests.xctest; sourceTree = BUILT_PRODUCTS_DIR; };
		5F34D5B322B1DE240000EB82 /* CloneToolXTests.swift */ = {isa = PBXFileReference; lastKnownFileType = sourcecode.swift; path = CloneToolXTests.swift; sourceTree = "<group>"; };
		5F34D5B522B1DE240000EB82 /* Info.plist */ = {isa = PBXFileReference; lastKnownFileType = text.plist.xml; path = Info.plist; sourceTree = "<group>"; };
		5F34D5BA22B1DE240000EB82 /* CloneToolXUITests.xctest */ = {isa = PBXFileReference; explicitFileType = wrapper.cfbundle; includeInIndex = 0; path = CloneToolXUITests.xctest; sourceTree = BUILT_PRODUCTS_DIR; };
		5F34D5BE22B1DE240000EB82 /* CloneToolXUITests.swift */ = {isa = PBXFileReference; lastKnownFileType = sourcecode.swift; path = CloneToolXUITests.swift; sourceTree = "<group>"; };
		5F34D5C022B1DE240000EB82 /* Info.plist */ = {isa = PBXFileReference; lastKnownFileType = text.plist.xml; path = Info.plist; sourceTree = "<group>"; };
		5F34D5CC22B1E2A50000EB82 /* ViewController.swift */ = {isa = PBXFileReference; lastKnownFileType = sourcecode.swift; path = ViewController.swift; sourceTree = "<group>"; };
		5F76037F22C8F9AE00CFA7AA /* Global.swift */ = {isa = PBXFileReference; lastKnownFileType = sourcecode.swift; path = Global.swift; sourceTree = "<group>"; };
		5F76038122C937A200CFA7AA /* RunCommand.swift */ = {isa = PBXFileReference; lastKnownFileType = sourcecode.swift; path = RunCommand.swift; sourceTree = "<group>"; };
		5F76038322C96A8000CFA7AA /* DiskToDiskController.swift */ = {isa = PBXFileReference; lastKnownFileType = sourcecode.swift; path = DiskToDiskController.swift; sourceTree = "<group>"; };
		5F76038522C96B0000CFA7AA /* SaveForLater.swift */ = {isa = PBXFileReference; lastKnownFileType = sourcecode.swift; path = SaveForLater.swift; sourceTree = "<group>"; };
		5FAB8CD522D2C11A003EEA1B /* DiskInfo.swift */ = {isa = PBXFileReference; lastKnownFileType = sourcecode.swift; path = DiskInfo.swift; sourceTree = "<group>"; };
		5FD1BB6D22C6DD4200790013 /* DIskToImageController.swift */ = {isa = PBXFileReference; lastKnownFileType = sourcecode.swift; path = DIskToImageController.swift; sourceTree = "<group>"; };
/* End PBXFileReference section */

/* Begin PBXFrameworksBuildPhase section */
		5F34D59C22B1DE200000EB82 /* Frameworks */ = {
			isa = PBXFrameworksBuildPhase;
			buildActionMask = 2147483647;
			files = (
			);
			runOnlyForDeploymentPostprocessing = 0;
		};
		5F34D5AC22B1DE240000EB82 /* Frameworks */ = {
			isa = PBXFrameworksBuildPhase;
			buildActionMask = 2147483647;
			files = (
			);
			runOnlyForDeploymentPostprocessing = 0;
		};
		5F34D5B722B1DE240000EB82 /* Frameworks */ = {
			isa = PBXFrameworksBuildPhase;
			buildActionMask = 2147483647;
			files = (
			);
			runOnlyForDeploymentPostprocessing = 0;
		};
/* End PBXFrameworksBuildPhase section */

/* Begin PBXGroup section */
		5F34D59622B1DE200000EB82 = {
			isa = PBXGroup;
			children = (
				5F34D5A122B1DE210000EB82 /* CloneToolX */,
				5F34D5B222B1DE240000EB82 /* CloneToolXTests */,
				5F34D5BD22B1DE240000EB82 /* CloneToolXUITests */,
				5F34D5A022B1DE210000EB82 /* Products */,
			);
			sourceTree = "<group>";
		};
		5F34D5A022B1DE210000EB82 /* Products */ = {
			isa = PBXGroup;
			children = (
				5F34D59F22B1DE210000EB82 /* CloneToolX.app */,
				5F34D5AF22B1DE240000EB82 /* CloneToolXTests.xctest */,
				5F34D5BA22B1DE240000EB82 /* CloneToolXUITests.xctest */,
			);
			name = Products;
			sourceTree = "<group>";
		};
		5F34D5A122B1DE210000EB82 /* CloneToolX */ = {
			isa = PBXGroup;
			children = (
				5FD1BB7422C6E1FC00790013 /* Model */,
				5FD1BB7522C6E23500790013 /* View */,
				5FD1BB7322C6E1D600790013 /* Controller */,
				5F34D5A422B1DE240000EB82 /* Assets.xcassets */,
				5F34D5A922B1DE240000EB82 /* Info.plist */,
				5F34D5AA22B1DE240000EB82 /* CloneToolX.entitlements */,
			);
			path = CloneToolX;
			sourceTree = "<group>";
		};
		5F34D5B222B1DE240000EB82 /* CloneToolXTests */ = {
			isa = PBXGroup;
			children = (
				5F34D5B322B1DE240000EB82 /* CloneToolXTests.swift */,
				5F34D5B522B1DE240000EB82 /* Info.plist */,
			);
			path = CloneToolXTests;
			sourceTree = "<group>";
		};
		5F34D5BD22B1DE240000EB82 /* CloneToolXUITests */ = {
			isa = PBXGroup;
			children = (
				5F34D5BE22B1DE240000EB82 /* CloneToolXUITests.swift */,
				5F34D5C022B1DE240000EB82 /* Info.plist */,
			);
			path = CloneToolXUITests;
			sourceTree = "<group>";
		};
		5FD1BB7322C6E1D600790013 /* Controller */ = {
			isa = PBXGroup;
			children = (
				5F34D5CC22B1E2A50000EB82 /* ViewController.swift */,
				5FD1BB6D22C6DD4200790013 /* DIskToImageController.swift */,
				5F76038322C96A8000CFA7AA /* DiskToDiskController.swift */,
			);
			name = Controller;
			sourceTree = "<group>";
		};
		5FD1BB7422C6E1FC00790013 /* Model */ = {
			isa = PBXGroup;
			children = (
				5F34D5A222B1DE210000EB82 /* AppDelegate.swift */,
				5F76037F22C8F9AE00CFA7AA /* Global.swift */,
				5F76038122C937A200CFA7AA /* RunCommand.swift */,
				5F76038522C96B0000CFA7AA /* SaveForLater.swift */,
				5FAB8CD522D2C11A003EEA1B /* DiskInfo.swift */,
			);
			path = Model;
			sourceTree = "<group>";
		};
		5FD1BB7522C6E23500790013 /* View */ = {
			isa = PBXGroup;
			children = (
				5F34D5A622B1DE240000EB82 /* Main.storyboard */,
			);
			name = View;
			sourceTree = "<group>";
		};
/* End PBXGroup section */

/* Begin PBXNativeTarget section */
		5F34D59E22B1DE200000EB82 /* CloneToolX */ = {
			isa = PBXNativeTarget;
			buildConfigurationList = 5F34D5C322B1DE240000EB82 /* Build configuration list for PBXNativeTarget "CloneToolX" */;
			buildPhases = (
				5F34D59B22B1DE200000EB82 /* Sources */,
				5F34D59C22B1DE200000EB82 /* Frameworks */,
				5F34D59D22B1DE200000EB82 /* Resources */,
			);
			buildRules = (
			);
			dependencies = (
			);
			name = CloneToolX;
			productName = CloneToolX;
			productReference = 5F34D59F22B1DE210000EB82 /* CloneToolX.app */;
			productType = "com.apple.product-type.application";
		};
		5F34D5AE22B1DE240000EB82 /* CloneToolXTests */ = {
			isa = PBXNativeTarget;
			buildConfigurationList = 5F34D5C622B1DE240000EB82 /* Build configuration list for PBXNativeTarget "CloneToolXTests" */;
			buildPhases = (
				5F34D5AB22B1DE240000EB82 /* Sources */,
				5F34D5AC22B1DE240000EB82 /* Frameworks */,
				5F34D5AD22B1DE240000EB82 /* Resources */,
			);
			buildRules = (
			);
			dependencies = (
				5F34D5B122B1DE240000EB82 /* PBXTargetDependency */,
			);
			name = CloneToolXTests;
			productName = CloneToolXTests;
			productReference = 5F34D5AF22B1DE240000EB82 /* CloneToolXTests.xctest */;
			productType = "com.apple.product-type.bundle.unit-test";
		};
		5F34D5B922B1DE240000EB82 /* CloneToolXUITests */ = {
			isa = PBXNativeTarget;
			buildConfigurationList = 5F34D5C922B1DE240000EB82 /* Build configuration list for PBXNativeTarget "CloneToolXUITests" */;
			buildPhases = (
				5F34D5B622B1DE240000EB82 /* Sources */,
				5F34D5B722B1DE240000EB82 /* Frameworks */,
				5F34D5B822B1DE240000EB82 /* Resources */,
			);
			buildRules = (
			);
			dependencies = (
				5F34D5BC22B1DE240000EB82 /* PBXTargetDependency */,
			);
			name = CloneToolXUITests;
			productName = CloneToolXUITests;
			productReference = 5F34D5BA22B1DE240000EB82 /* CloneToolXUITests.xctest */;
			productType = "com.apple.product-type.bundle.ui-testing";
		};
/* End PBXNativeTarget section */

/* Begin PBXProject section */
		5F34D59722B1DE200000EB82 /* Project object */ = {
			isa = PBXProject;
			attributes = {
				LastSwiftUpdateCheck = 1100;
				LastUpgradeCheck = 1100;
				ORGANIZATIONNAME = "Todd Bruss";
				TargetAttributes = {
					5F34D59E22B1DE200000EB82 = {
						CreatedOnToolsVersion = 11.0;
					};
					5F34D5AE22B1DE240000EB82 = {
						CreatedOnToolsVersion = 11.0;
						TestTargetID = 5F34D59E22B1DE200000EB82;
					};
					5F34D5B922B1DE240000EB82 = {
						CreatedOnToolsVersion = 11.0;
						TestTargetID = 5F34D59E22B1DE200000EB82;
					};
				};
			};
			buildConfigurationList = 5F34D59A22B1DE200000EB82 /* Build configuration list for PBXProject "CloneToolX" */;
			compatibilityVersion = "Xcode 9.3";
			developmentRegion = en;
			hasScannedForEncodings = 0;
			knownRegions = (
				en,
				Base,
			);
			mainGroup = 5F34D59622B1DE200000EB82;
			productRefGroup = 5F34D5A022B1DE210000EB82 /* Products */;
			projectDirPath = "";
			projectRoot = "";
			targets = (
				5F34D59E22B1DE200000EB82 /* CloneToolX */,
				5F34D5AE22B1DE240000EB82 /* CloneToolXTests */,
				5F34D5B922B1DE240000EB82 /* CloneToolXUITests */,
			);
		};
/* End PBXProject section */

/* Begin PBXResourcesBuildPhase section */
		5F34D59D22B1DE200000EB82 /* Resources */ = {
			isa = PBXResourcesBuildPhase;
			buildActionMask = 2147483647;
			files = (
				5F34D5A522B1DE240000EB82 /* Assets.xcassets in Resources */,
				5F34D5A822B1DE240000EB82 /* Main.storyboard in Resources */,
			);
			runOnlyForDeploymentPostprocessing = 0;
		};
		5F34D5AD22B1DE240000EB82 /* Resources */ = {
			isa = PBXResourcesBuildPhase;
			buildActionMask = 2147483647;
			files = (
			);
			runOnlyForDeploymentPostprocessing = 0;
		};
		5F34D5B822B1DE240000EB82 /* Resources */ = {
			isa = PBXResourcesBuildPhase;
			buildActionMask = 2147483647;
			files = (
			);
			runOnlyForDeploymentPostprocessing = 0;
		};
/* End PBXResourcesBuildPhase section */

/* Begin PBXSourcesBuildPhase section */
		5F34D59B22B1DE200000EB82 /* Sources */ = {
			isa = PBXSourcesBuildPhase;
			buildActionMask = 2147483647;
			files = (
				5FAB8CD622D2C11A003EEA1B /* DiskInfo.swift in Sources */,
				5F76038422C96A8000CFA7AA /* DiskToDiskController.swift in Sources */,
				5F76038022C8F9AE00CFA7AA /* Global.swift in Sources */,
				5F76038222C937A200CFA7AA /* RunCommand.swift in Sources */,
				5F34D5CD22B1E2A50000EB82 /* ViewController.swift in Sources */,
				5F76038622C96B0000CFA7AA /* SaveForLater.swift in Sources */,
				5F34D5A322B1DE210000EB82 /* AppDelegate.swift in Sources */,
				5FD1BB6E22C6DD4200790013 /* DIskToImageController.swift in Sources */,
			);
			runOnlyForDeploymentPostprocessing = 0;
		};
		5F34D5AB22B1DE240000EB82 /* Sources */ = {
			isa = PBXSourcesBuildPhase;
			buildActionMask = 2147483647;
			files = (
				5F34D5B422B1DE240000EB82 /* CloneToolXTests.swift in Sources */,
			);
			runOnlyForDeploymentPostprocessing = 0;
		};
		5F34D5B622B1DE240000EB82 /* Sources */ = {
			isa = PBXSourcesBuildPhase;
			buildActionMask = 2147483647;
			files = (
				5F34D5BF22B1DE240000EB82 /* CloneToolXUITests.swift in Sources */,
			);
			runOnlyForDeploymentPostprocessing = 0;
		};
/* End PBXSourcesBuildPhase section */

/* Begin PBXTargetDependency section */
		5F34D5B122B1DE240000EB82 /* PBXTargetDependency */ = {
			isa = PBXTargetDependency;
			target = 5F34D59E22B1DE200000EB82 /* CloneToolX */;
			targetProxy = 5F34D5B022B1DE240000EB82 /* PBXContainerItemProxy */;
		};
		5F34D5BC22B1DE240000EB82 /* PBXTargetDependency */ = {
			isa = PBXTargetDependency;
			target = 5F34D59E22B1DE200000EB82 /* CloneToolX */;
			targetProxy = 5F34D5BB22B1DE240000EB82 /* PBXContainerItemProxy */;
		};
/* End PBXTargetDependency section */

/* Begin PBXVariantGroup section */
		5F34D5A622B1DE240000EB82 /* Main.storyboard */ = {
			isa = PBXVariantGroup;
			children = (
				5F34D5A722B1DE240000EB82 /* Base */,
			);
			name = Main.storyboard;
			sourceTree = "<group>";
		};
/* End PBXVariantGroup section */

/* Begin XCBuildConfiguration section */
		5F34D5C122B1DE240000EB82 /* Debug */ = {
			isa = XCBuildConfiguration;
			buildSettings = {
				ALWAYS_SEARCH_USER_PATHS = NO;
				CLANG_ANALYZER_NONNULL = YES;
				CLANG_ANALYZER_NUMBER_OBJECT_CONVERSION = YES_AGGRESSIVE;
				CLANG_CXX_LANGUAGE_STANDARD = "gnu++14";
				CLANG_CXX_LIBRARY = "libc++";
				CLANG_ENABLE_MODULES = YES;
				CLANG_ENABLE_OBJC_ARC = YES;
				CLANG_ENABLE_OBJC_WEAK = YES;
				CLANG_WARN_BLOCK_CAPTURE_AUTORELEASING = YES;
				CLANG_WARN_BOOL_CONVERSION = YES;
				CLANG_WARN_COMMA = YES;
				CLANG_WARN_CONSTANT_CONVERSION = YES;
				CLANG_WARN_DEPRECATED_OBJC_IMPLEMENTATIONS = YES;
				CLANG_WARN_DIRECT_OBJC_ISA_USAGE = YES_ERROR;
				CLANG_WARN_DOCUMENTATION_COMMENTS = YES;
				CLANG_WARN_EMPTY_BODY = YES;
				CLANG_WARN_ENUM_CONVERSION = YES;
				CLANG_WARN_INFINITE_RECURSION = YES;
				CLANG_WARN_INT_CONVERSION = YES;
				CLANG_WARN_NON_LITERAL_NULL_CONVERSION = YES;
				CLANG_WARN_OBJC_IMPLICIT_RETAIN_SELF = YES;
				CLANG_WARN_OBJC_LITERAL_CONVERSION = YES;
				CLANG_WARN_OBJC_ROOT_CLASS = YES_ERROR;
				CLANG_WARN_RANGE_LOOP_ANALYSIS = YES;
				CLANG_WARN_STRICT_PROTOTYPES = YES;
				CLANG_WARN_SUSPICIOUS_MOVE = YES;
				CLANG_WARN_UNGUARDED_AVAILABILITY = YES_AGGRESSIVE;
				CLANG_WARN_UNREACHABLE_CODE = YES;
				CLANG_WARN__DUPLICATE_METHOD_MATCH = YES;
				COPY_PHASE_STRIP = NO;
				DEBUG_INFORMATION_FORMAT = dwarf;
				ENABLE_STRICT_OBJC_MSGSEND = YES;
				ENABLE_TESTABILITY = YES;
				GCC_C_LANGUAGE_STANDARD = gnu11;
				GCC_DYNAMIC_NO_PIC = NO;
				GCC_NO_COMMON_BLOCKS = YES;
				GCC_OPTIMIZATION_LEVEL = 0;
				GCC_PREPROCESSOR_DEFINITIONS = (
					"DEBUG=1",
					"$(inherited)",
				);
				GCC_WARN_64_TO_32_BIT_CONVERSION = YES;
				GCC_WARN_ABOUT_RETURN_TYPE = YES_ERROR;
				GCC_WARN_UNDECLARED_SELECTOR = YES;
				GCC_WARN_UNINITIALIZED_AUTOS = YES_AGGRESSIVE;
				GCC_WARN_UNUSED_FUNCTION = YES;
				GCC_WARN_UNUSED_VARIABLE = YES;
				MACOSX_DEPLOYMENT_TARGET = 10.14;
				MTL_ENABLE_DEBUG_INFO = INCLUDE_SOURCE;
				MTL_FAST_MATH = YES;
				ONLY_ACTIVE_ARCH = YES;
				SDKROOT = macosx;
				SWIFT_ACTIVE_COMPILATION_CONDITIONS = DEBUG;
				SWIFT_OPTIMIZATION_LEVEL = "-Onone";
				SWIFT_VERSION = 4.2;
			};
			name = Debug;
		};
		5F34D5C222B1DE240000EB82 /* Release */ = {
			isa = XCBuildConfiguration;
			buildSettings = {
				ALWAYS_SEARCH_USER_PATHS = NO;
				CLANG_ANALYZER_NONNULL = YES;
				CLANG_ANALYZER_NUMBER_OBJECT_CONVERSION = YES_AGGRESSIVE;
				CLANG_CXX_LANGUAGE_STANDARD = "gnu++14";
				CLANG_CXX_LIBRARY = "libc++";
				CLANG_ENABLE_MODULES = YES;
				CLANG_ENABLE_OBJC_ARC = YES;
				CLANG_ENABLE_OBJC_WEAK = YES;
				CLANG_WARN_BLOCK_CAPTURE_AUTORELEASING = YES;
				CLANG_WARN_BOOL_CONVERSION = YES;
				CLANG_WARN_COMMA = YES;
				CLANG_WARN_CONSTANT_CONVERSION = YES;
				CLANG_WARN_DEPRECATED_OBJC_IMPLEMENTATIONS = YES;
				CLANG_WARN_DIRECT_OBJC_ISA_USAGE = YES_ERROR;
				CLANG_WARN_DOCUMENTATION_COMMENTS = YES;
				CLANG_WARN_EMPTY_BODY = YES;
				CLANG_WARN_ENUM_CONVERSION = YES;
				CLANG_WARN_INFINITE_RECURSION = YES;
				CLANG_WARN_INT_CONVERSION = YES;
				CLANG_WARN_NON_LITERAL_NULL_CONVERSION = YES;
				CLANG_WARN_OBJC_IMPLICIT_RETAIN_SELF = YES;
				CLANG_WARN_OBJC_LITERAL_CONVERSION = YES;
				CLANG_WARN_OBJC_ROOT_CLASS = YES_ERROR;
				CLANG_WARN_RANGE_LOOP_ANALYSIS = YES;
				CLANG_WARN_STRICT_PROTOTYPES = YES;
				CLANG_WARN_SUSPICIOUS_MOVE = YES;
				CLANG_WARN_UNGUARDED_AVAILABILITY = YES_AGGRESSIVE;
				CLANG_WARN_UNREACHABLE_CODE = YES;
				CLANG_WARN__DUPLICATE_METHOD_MATCH = YES;
				COPY_PHASE_STRIP = NO;
				DEBUG_INFORMATION_FORMAT = "dwarf-with-dsym";
				ENABLE_NS_ASSERTIONS = NO;
				ENABLE_STRICT_OBJC_MSGSEND = YES;
				ENABLE_TESTABILITY = YES;
				GCC_C_LANGUAGE_STANDARD = gnu11;
				GCC_NO_COMMON_BLOCKS = YES;
				GCC_WARN_64_TO_32_BIT_CONVERSION = YES;
				GCC_WARN_ABOUT_RETURN_TYPE = YES_ERROR;
				GCC_WARN_UNDECLARED_SELECTOR = YES;
				GCC_WARN_UNINITIALIZED_AUTOS = YES_AGGRESSIVE;
				GCC_WARN_UNUSED_FUNCTION = YES;
				GCC_WARN_UNUSED_VARIABLE = YES;
				MACOSX_DEPLOYMENT_TARGET = 10.14;
				MTL_ENABLE_DEBUG_INFO = NO;
				MTL_FAST_MATH = YES;
				ONLY_ACTIVE_ARCH = YES;
				SDKROOT = macosx;
				SWIFT_COMPILATION_MODE = wholemodule;
				SWIFT_OPTIMIZATION_LEVEL = "-O";
				SWIFT_VERSION = 4.2;
			};
			name = Release;
		};
		5F34D5C422B1DE240000EB82 /* Debug */ = {
			isa = XCBuildConfiguration;
			buildSettings = {
				ASSETCATALOG_COMPILER_APPICON_NAME = AppIcon;
				CODE_SIGN_ENTITLEMENTS = CloneToolX/CloneToolX.entitlements;
				CODE_SIGN_IDENTITY = "-";
				CODE_SIGN_STYLE = Automatic;
				COMBINE_HIDPI_IMAGES = YES;
				INFOPLIST_FILE = CloneToolX/Info.plist;
				LD_RUNPATH_SEARCH_PATHS = (
					"$(inherited)",
					"@executable_path/../Frameworks",
				);
				MACOSX_DEPLOYMENT_TARGET = 10.14;
				PRODUCT_BUNDLE_IDENTIFIER = com.Bruss.Todd.CloneToolX;
				PRODUCT_NAME = "$(TARGET_NAME)";
				SWIFT_VERSION = 4.2;
			};
			name = Debug;
		};
		5F34D5C522B1DE240000EB82 /* Release */ = {
			isa = XCBuildConfiguration;
			buildSettings = {
				ASSETCATALOG_COMPILER_APPICON_NAME = AppIcon;
				CODE_SIGN_ENTITLEMENTS = CloneToolX/CloneToolX.entitlements;
				CODE_SIGN_IDENTITY = "-";
				CODE_SIGN_STYLE = Automatic;
				COMBINE_HIDPI_IMAGES = YES;
				INFOPLIST_FILE = CloneToolX/Info.plist;
				LD_RUNPATH_SEARCH_PATHS = (
					"$(inherited)",
					"@executable_path/../Frameworks",
				);
				MACOSX_DEPLOYMENT_TARGET = 10.14;
				PRODUCT_BUNDLE_IDENTIFIER = com.Bruss.Todd.CloneToolX;
				PRODUCT_NAME = "$(TARGET_NAME)";
				SWIFT_VERSION = 4.2;
			};
			name = Release;
		};
		5F34D5C722B1DE240000EB82 /* Debug */ = {
			isa = XCBuildConfiguration;
			buildSettings = {
				ALWAYS_EMBED_SWIFT_STANDARD_LIBRARIES = YES;
				BUNDLE_LOADER = "$(TEST_HOST)";
				CODE_SIGN_STYLE = Automatic;
				COMBINE_HIDPI_IMAGES = YES;
				INFOPLIST_FILE = CloneToolXTests/Info.plist;
				LD_RUNPATH_SEARCH_PATHS = (
					"$(inherited)",
					"@executable_path/../Frameworks",
					"@loader_path/../Frameworks",
				);
				PRODUCT_BUNDLE_IDENTIFIER = com.Bruss.Todd.CloneToolX.CloneToolXTests;
				PRODUCT_NAME = "$(TARGET_NAME)";
				SWIFT_VERSION = 5.0;
				TEST_HOST = "$(BUILT_PRODUCTS_DIR)/CloneToolX.app/Contents/MacOS/CloneToolX";
			};
			name = Debug;
		};
		5F34D5C822B1DE240000EB82 /* Release */ = {
			isa = XCBuildConfiguration;
			buildSettings = {
				ALWAYS_EMBED_SWIFT_STANDARD_LIBRARIES = YES;
				BUNDLE_LOADER = "$(TEST_HOST)";
				CODE_SIGN_STYLE = Automatic;
				COMBINE_HIDPI_IMAGES = YES;
				INFOPLIST_FILE = CloneToolXTests/Info.plist;
				LD_RUNPATH_SEARCH_PATHS = (
					"$(inherited)",
					"@executable_path/../Frameworks",
					"@loader_path/../Frameworks",
				);
				PRODUCT_BUNDLE_IDENTIFIER = com.Bruss.Todd.CloneToolX.CloneToolXTests;
				PRODUCT_NAME = "$(TARGET_NAME)";
				SWIFT_VERSION = 5.0;
				TEST_HOST = "$(BUILT_PRODUCTS_DIR)/CloneToolX.app/Contents/MacOS/CloneToolX";
			};
			name = Release;
		};
		5F34D5CA22B1DE240000EB82 /* Debug */ = {
			isa = XCBuildConfiguration;
			buildSettings = {
				ALWAYS_EMBED_SWIFT_STANDARD_LIBRARIES = YES;
				CODE_SIGN_STYLE = Automatic;
				COMBINE_HIDPI_IMAGES = YES;
				INFOPLIST_FILE = CloneToolXUITests/Info.plist;
				LD_RUNPATH_SEARCH_PATHS = (
					"$(inherited)",
					"@executable_path/../Frameworks",
					"@loader_path/../Frameworks",
				);
				PRODUCT_BUNDLE_IDENTIFIER = com.Bruss.Todd.CloneToolX.CloneToolXUITests;
				PRODUCT_NAME = "$(TARGET_NAME)";
				SWIFT_VERSION = 5.0;
				TEST_TARGET_NAME = CloneToolX;
			};
			name = Debug;
		};
		5F34D5CB22B1DE240000EB82 /* Release */ = {
			isa = XCBuildConfiguration;
			buildSettings = {
				ALWAYS_EMBED_SWIFT_STANDARD_LIBRARIES = YES;
				CODE_SIGN_STYLE = Automatic;
				COMBINE_HIDPI_IMAGES = YES;
				INFOPLIST_FILE = CloneToolXUITests/Info.plist;
				LD_RUNPATH_SEARCH_PATHS = (
					"$(inherited)",
					"@executable_path/../Frameworks",
					"@loader_path/../Frameworks",
				);
				PRODUCT_BUNDLE_IDENTIFIER = com.Bruss.Todd.CloneToolX.CloneToolXUITests;
				PRODUCT_NAME = "$(TARGET_NAME)";
				SWIFT_VERSION = 5.0;
				TEST_TARGET_NAME = CloneToolX;
			};
			name = Release;
		};
/* End XCBuildConfiguration section */

/* Begin XCConfigurationList section */
		5F34D59A22B1DE200000EB82 /* Build configuration list for PBXProject "CloneToolX" */ = {
			isa = XCConfigurationList;
			buildConfigurations = (
				5F34D5C122B1DE240000EB82 /* Debug */,
				5F34D5C222B1DE240000EB82 /* Release */,
			);
			defaultConfigurationIsVisible = 0;
			defaultConfigurationName = Release;
		};
		5F34D5C322B1DE240000EB82 /* Build configuration list for PBXNativeTarget "CloneToolX" */ = {
			isa = XCConfigurationList;
			buildConfigurations = (
				5F34D5C422B1DE240000EB82 /* Debug */,
				5F34D5C522B1DE240000EB82 /* Release */,
			);
			defaultConfigurationIsVisible = 0;
			defaultConfigurationName = Release;
		};
		5F34D5C622B1DE240000EB82 /* Build configuration list for PBXNativeTarget "CloneToolXTests" */ = {
			isa = XCConfigurationList;
			buildConfigurations = (
				5F34D5C722B1DE240000EB82 /* Debug */,
				5F34D5C822B1DE240000EB82 /* Release */,
			);
			defaultConfigurationIsVisible = 0;
			defaultConfigurationName = Release;
		};
		5F34D5C922B1DE240000EB82 /* Build configuration list for PBXNativeTarget "CloneToolXUITests" */ = {
			isa = XCConfigurationList;
			buildConfigurations = (
				5F34D5CA22B1DE240000EB82 /* Debug */,
				5F34D5CB22B1DE240000EB82 /* Release */,
			);
			defaultConfigurationIsVisible = 0;
			defaultConfigurationName = Release;
		};
/* End XCConfigurationList section */
	};
	rootObject = 5F34D59722B1DE200000EB82 /* Project object */;
}
